
Microsoft Visual Studio Solution File, Format Version 12.00
# Visual Studio Version 17
VisualStudioVersion = 17.9.34714.143
MinimumVisualStudioVersion = 10.0.40219.1
Project("{FAE04EC0-301F-11D3-BF4B-00C04F79EFBC}") = "ProgettoWPF_GestioneAbiti", "ProgettoWPF_GestioneAbiti\ProgettoWPF_GestioneAbiti.csproj", "{9F103414-B168-4CAF-B9E8-E0C649EB72FF}"
EndProject
Global
	GlobalSection(SolutionConfigurationPlatforms) = preSolution
		Debug|Any CPU = Debug|Any CPU
		Release|Any CPU = Release|Any CPU
	EndGlobalSection
	GlobalSection(ProjectConfigurationPlatforms) = postSolution
		{9F103414-B168-4CAF-B9E8-E0C649EB72FF}.Debug|Any CPU.ActiveCfg = Debug|Any CPU
		{9F103414-B168-4CAF-B9E8-E0C649EB72FF}.Debug|Any CPU.Build.0 = Debug|Any CPU
		{9F103414-B168-4CAF-B9E8-E0C649EB72FF}.Release|Any CPU.ActiveCfg = Release|Any CPU
		{9F103414-B168-4CAF-B9E8-E0C649EB72FF}.Release|Any CPU.Build.0 = Release|Any CPU
	EndGlobalSection
	GlobalSection(SolutionProperties) = preSolution
		HideSolutionNode = FALSE
	EndGlobalSection
	GlobalSection(ExtensibilityGlobals) = postSolution
		SolutionGuid = {7409C2BC-5BB1-4C9C-865E-0134A4F2A1FD}
	EndGlobalSection
EndGlobal
