
Microsoft Visual Studio Solution File, Format Version 12.00
# Visual Studio Version 17
VisualStudioVersion = 17.9.34714.143
MinimumVisualStudioVersion = 10.0.40219.1
Project("{FAE04EC0-301F-11D3-BF4B-00C04F79EFBC}") = "Progetto_GestioneEventi", "Progetto_GestioneEventi\Progetto_GestioneEventi.csproj", "{566BDE16-BC74-4138-A764-19BD005F94B4}"
EndProject
Global
	GlobalSection(SolutionConfigurationPlatforms) = preSolution
		Debug|Any CPU = Debug|Any CPU
		Release|Any CPU = Release|Any CPU
	EndGlobalSection
	GlobalSection(ProjectConfigurationPlatforms) = postSolution
		{566BDE16-BC74-4138-A764-19BD005F94B4}.Debug|Any CPU.ActiveCfg = Debug|Any CPU
		{566BDE16-BC74-4138-A764-19BD005F94B4}.Debug|Any CPU.Build.0 = Debug|Any CPU
		{566BDE16-BC74-4138-A764-19BD005F94B4}.Release|Any CPU.ActiveCfg = Release|Any CPU
		{566BDE16-BC74-4138-A764-19BD005F94B4}.Release|Any CPU.Build.0 = Release|Any CPU
	EndGlobalSection
	GlobalSection(SolutionProperties) = preSolution
		HideSolutionNode = FALSE
	EndGlobalSection
	GlobalSection(ExtensibilityGlobals) = postSolution
		SolutionGuid = {B9127F42-8D58-45FE-B117-A712BA8F8DD4}
	EndGlobalSection
EndGlobal
